
Microsoft Visual Studio Solution File, Format Version 12.00
# Visual Studio Version 16
VisualStudioVersion = 16.0.33027.164
MinimumVisualStudioVersion = 10.0.40219.1
Project("{FAE04EC0-301F-11D3-BF4B-00C04F79EFBC}") = "PZ-8", "PZ-8.csproj", "{735C0CE7-1F48-49B2-BA9C-4FF08D06E12D}"
EndProject
Global
	GlobalSection(SolutionConfigurationPlatforms) = preSolution
		Debug|Any CPU = Debug|Any CPU
		Release|Any CPU = Release|Any CPU
	EndGlobalSection
	GlobalSection(ProjectConfigurationPlatforms) = postSolution
		{735C0CE7-1F48-49B2-BA9C-4FF08D06E12D}.Debug|Any CPU.ActiveCfg = Debug|Any CPU
		{735C0CE7-1F48-49B2-BA9C-4FF08D06E12D}.Debug|Any CPU.Build.0 = Debug|Any CPU
		{735C0CE7-1F48-49B2-BA9C-4FF08D06E12D}.Release|Any CPU.ActiveCfg = Release|Any CPU
		{735C0CE7-1F48-49B2-BA9C-4FF08D06E12D}.Release|Any CPU.Build.0 = Release|Any CPU
	EndGlobalSection
	GlobalSection(SolutionProperties) = preSolution
		HideSolutionNode = FALSE
	EndGlobalSection
	GlobalSection(ExtensibilityGlobals) = postSolution
		SolutionGuid = {CF99F9F8-6F0E-4907-9AA9-984A43A67D12}
	EndGlobalSection
EndGlobal
